
Microsoft Visual Studio Solution File, Format Version 12.00
# Visual Studio 2012
Project("{FAE04EC0-301F-11D3-BF4B-00C04F79EFBC}") = "UniqueSubstrings", "UniqueSubstrings\UniqueSubstrings.csproj", "{95B82C7C-0BDB-4B07-BECA-35D6E190C9FF}"
EndProject
Global
	GlobalSection(SolutionConfigurationPlatforms) = preSolution
		Debug|Any CPU = Debug|Any CPU
		Release|Any CPU = Release|Any CPU
	EndGlobalSection
	GlobalSection(ProjectConfigurationPlatforms) = postSolution
		{95B82C7C-0BDB-4B07-BECA-35D6E190C9FF}.Debug|Any CPU.ActiveCfg = Debug|Any CPU
		{95B82C7C-0BDB-4B07-BECA-35D6E190C9FF}.Debug|Any CPU.Build.0 = Debug|Any CPU
		{95B82C7C-0BDB-4B07-BECA-35D6E190C9FF}.Release|Any CPU.ActiveCfg = Release|Any CPU
		{95B82C7C-0BDB-4B07-BECA-35D6E190C9FF}.Release|Any CPU.Build.0 = Release|Any CPU
	EndGlobalSection
	GlobalSection(SolutionProperties) = preSolution
		HideSolutionNode = FALSE
	EndGlobalSection
EndGlobal
